
Microsoft Visual Studio Solution File, Format Version 12.00
# Visual Studio Version 17
VisualStudioVersion = 17.11.35327.3
MinimumVisualStudioVersion = 10.0.40219.1
Project("{FAE04EC0-301F-11D3-BF4B-00C04F79EFBC}") = "01_MainSubjects", "ConsoleApp1\01_MainSubjects.csproj", "{324D2AF4-A7B5-4C7B-B009-AEC54EE38E30}"
EndProject
Project("{FAE04EC0-301F-11D3-BF4B-00C04F79EFBC}") = "02_Variables", "ConsoleApp2\02_Variables.csproj", "{A9DF8EC5-CE71-4A2F-AD84-A175F6E1D1D7}"
EndProject
Project("{FAE04EC0-301F-11D3-BF4B-00C04F79EFBC}") = "03_MakingDecision", "03_MakingDecision\03_MakingDecision.csproj", "{ACF742A5-E656-4B65-B2DC-055994E0C116}"
EndProject
Project("{FAE04EC0-301F-11D3-BF4B-00C04F79EFBC}") = "04_Loops", "04_Loops\04_Loops.csproj", "{CECF7D13-BD0E-49A4-8533-594DE718418A}"
EndProject
Global
	GlobalSection(SolutionConfigurationPlatforms) = preSolution
		Debug|Any CPU = Debug|Any CPU
		Release|Any CPU = Release|Any CPU
	EndGlobalSection
	GlobalSection(ProjectConfigurationPlatforms) = postSolution
		{324D2AF4-A7B5-4C7B-B009-AEC54EE38E30}.Debug|Any CPU.ActiveCfg = Debug|Any CPU
		{324D2AF4-A7B5-4C7B-B009-AEC54EE38E30}.Debug|Any CPU.Build.0 = Debug|Any CPU
		{324D2AF4-A7B5-4C7B-B009-AEC54EE38E30}.Release|Any CPU.ActiveCfg = Release|Any CPU
		{324D2AF4-A7B5-4C7B-B009-AEC54EE38E30}.Release|Any CPU.Build.0 = Release|Any CPU
		{A9DF8EC5-CE71-4A2F-AD84-A175F6E1D1D7}.Debug|Any CPU.ActiveCfg = Debug|Any CPU
		{A9DF8EC5-CE71-4A2F-AD84-A175F6E1D1D7}.Debug|Any CPU.Build.0 = Debug|Any CPU
		{A9DF8EC5-CE71-4A2F-AD84-A175F6E1D1D7}.Release|Any CPU.ActiveCfg = Release|Any CPU
		{A9DF8EC5-CE71-4A2F-AD84-A175F6E1D1D7}.Release|Any CPU.Build.0 = Release|Any CPU
		{ACF742A5-E656-4B65-B2DC-055994E0C116}.Debug|Any CPU.ActiveCfg = Debug|Any CPU
		{ACF742A5-E656-4B65-B2DC-055994E0C116}.Debug|Any CPU.Build.0 = Debug|Any CPU
		{ACF742A5-E656-4B65-B2DC-055994E0C116}.Release|Any CPU.ActiveCfg = Release|Any CPU
		{ACF742A5-E656-4B65-B2DC-055994E0C116}.Release|Any CPU.Build.0 = Release|Any CPU
		{CECF7D13-BD0E-49A4-8533-594DE718418A}.Debug|Any CPU.ActiveCfg = Debug|Any CPU
		{CECF7D13-BD0E-49A4-8533-594DE718418A}.Debug|Any CPU.Build.0 = Debug|Any CPU
		{CECF7D13-BD0E-49A4-8533-594DE718418A}.Release|Any CPU.ActiveCfg = Release|Any CPU
		{CECF7D13-BD0E-49A4-8533-594DE718418A}.Release|Any CPU.Build.0 = Release|Any CPU
	EndGlobalSection
	GlobalSection(SolutionProperties) = preSolution
		HideSolutionNode = FALSE
	EndGlobalSection
	GlobalSection(ExtensibilityGlobals) = postSolution
		SolutionGuid = {2469008E-22D7-4722-ACC2-4F7F35FFD30C}
	EndGlobalSection
EndGlobal
